{
  "lockfile_version": "1",
  "packages": {
    "bosh-cli@latest": {
      "last_modified": "2025-12-31T03:27:36Z",
      "resolved": "github:NixOS/nixpkgs/f665af0cdb70ed27e1bd8f9fdfecaf451260fc55#bosh-cli",
      "source": "devbox-search",
      "version": "7.9.15",
      "systems": {
        "aarch64-darwin": {
          "outputs": [
            {
              "name": "out",
              "path": "/nix/store/fg4mdz8v8ncf6xmb5angj8aj9wjzjmm4-bosh-cli-7.9.15",
              "default": true
            }
          ],
          "store_path": "/nix/store/fg4mdz8v8ncf6xmb5angj8aj9wjzjmm4-bosh-cli-7.9.15"
        },
        "aarch64-linux": {
          "outputs": [
            {
              "name": "out",
              "path": "/nix/store/iiws9kjbv8n16lyx5m5p52v8s6djzl57-bosh-cli-7.9.15",
              "default": true
            }
          ],
          "store_path": "/nix/store/iiws9kjbv8n16lyx5m5p52v8s6djzl57-bosh-cli-7.9.15"
        },
        "x86_64-darwin": {
          "outputs": [
            {
              "name": "out",
              "path": "/nix/store/zk93w3h8vg12dqji5ccjrx2aghvg5xz1-bosh-cli-7.9.15",
              "default": true
            }
          ],
          "store_path": "/nix/store/zk93w3h8vg12dqji5ccjrx2aghvg5xz1-bosh-cli-7.9.15"
        },
        "x86_64-linux": {
          "outputs": [
            {
              "name": "out",
              "path": "/nix/store/vnj5y5kr8f06cfn33aszq5vx4a2qmqgi-bosh-cli-7.9.15",
              "default": true
            }
          ],
          "store_path": "/nix/store/vnj5y5kr8f06cfn33aszq5vx4a2qmqgi-bosh-cli-7.9.15"
        }
      }
    },
    "fly@latest": {
      "last_modified": "2026-01-26T09:54:05Z",
      "resolved": "github:NixOS/nixpkgs/5b265bda51b42a2a85af0a543c3e57b778b01b7d#fly",
      "source": "devbox-search",
      "version": "8.0.0",
      "systems": {
        "aarch64-darwin": {
          "outputs": [
            {
              "name": "out",
              "path": "/nix/store/xz65afvsibv461kq8ldq0xxmg495jb8n-fly-8.0.0",
              "default": true
            }
          ],
          "store_path": "/nix/store/xz65afvsibv461kq8ldq0xxmg495jb8n-fly-8.0.0"
        },
        "aarch64-linux": {
          "outputs": [
            {
              "name": "out",
              "path": "/nix/store/g0f2p0cfxx0alah7kmx902q9qk0vwjjm-fly-8.0.0",
              "default": true
            }
          ],
          "store_path": "/nix/store/g0f2p0cfxx0alah7kmx902q9qk0vwjjm-fly-8.0.0"
        },
        "x86_64-darwin": {
          "outputs": [
            {
              "name": "out",
              "path": "/nix/store/bkigh1xyagpy56r1rhx0vqkz2586ipz5-fly-8.0.0",
              "default": true
            }
          ],
          "store_path": "/nix/store/bkigh1xyagpy56r1rhx0vqkz2586ipz5-fly-8.0.0"
        },
        "x86_64-linux": {
          "outputs": [
            {
              "name": "out",
              "path": "/nix/store/s386n7vwvrci2ph9vj4wb3d6h027i3ql-fly-8.0.0",
              "default": true
            }
          ],
          "store_path": "/nix/store/s386n7vwvrci2ph9vj4wb3d6h027i3ql-fly-8.0.0"
        }
      }
    },
    "github:NixOS/nixpkgs/nixpkgs-unstable": {
      "last_modified": "2026-01-13T11:13:53Z",
      "resolved": "github:NixOS/nixpkgs/61db79b0c6b838d9894923920b612048e1201926?lastModified=1768302833&narHash=sha256-h5bRFy9bco%2B8QcK7rGoOiqMxMbmn21moTACofNLRMP4%3D"
    },
    "go@latest": {
      "last_modified": "2025-12-31T03:27:36Z",
      "resolved": "github:NixOS/nixpkgs/f665af0cdb70ed27e1bd8f9fdfecaf451260fc55#go",
      "source": "devbox-search",
      "version": "1.25.5",
      "systems": {
        "aarch64-darwin": {
          "outputs": [
            {
              "name": "out",
              "path": "/nix/store/fy2aq0rg6vbiyjfdpqy3429hqsan7iwm-go-1.25.5",
              "default": true
            }
          ],
          "store_path": "/nix/store/fy2aq0rg6vbiyjfdpqy3429hqsan7iwm-go-1.25.5"
        },
        "aarch64-linux": {
          "outputs": [
            {
              "name": "out",
              "path": "/nix/store/30d96229dgrh6n6bmd4hn9r1hcngj9bn-go-1.25.5",
              "default": true
            }
          ],
          "store_path": "/nix/store/30d96229dgrh6n6bmd4hn9r1hcngj9bn-go-1.25.5"
        },
        "x86_64-darwin": {
          "outputs": [
            {
              "name": "out",
              "path": "/nix/store/wzakp2xy6if4n2b4fb1fkdjwilwlpifk-go-1.25.5",
              "default": true
            }
          ],
          "store_path": "/nix/store/wzakp2xy6if4n2b4fb1fkdjwilwlpifk-go-1.25.5"
        },
        "x86_64-linux": {
          "outputs": [
            {
              "name": "out",
              "path": "/nix/store/60z37432vmgkg54krwr1z057bqwp7583-go-1.25.5",
              "default": true
            }
          ],
          "store_path": "/nix/store/60z37432vmgkg54krwr1z057bqwp7583-go-1.25.5"
        }
      }
    },
    "vendir@latest": {
      "last_modified": "2025-12-31T03:27:36Z",
      "resolved": "github:NixOS/nixpkgs/f665af0cdb70ed27e1bd8f9fdfecaf451260fc55#vendir",
      "source": "devbox-search",
      "version": "0.45.0",
      "systems": {
        "aarch64-darwin": {
          "outputs": [
            {
              "name": "out",
              "path": "/nix/store/s7bvk0h874cssnv549cl6ai3z519rsvg-vendir-0.45.0",
              "default": true
            }
          ],
          "store_path": "/nix/store/s7bvk0h874cssnv549cl6ai3z519rsvg-vendir-0.45.0"
        },
        "aarch64-linux": {
          "outputs": [
            {
              "name": "out",
              "path": "/nix/store/dyx5yx4ciygp54h3lssp0912xz87ax47-vendir-0.45.0",
              "default": true
            }
          ],
          "store_path": "/nix/store/dyx5yx4ciygp54h3lssp0912xz87ax47-vendir-0.45.0"
        },
        "x86_64-darwin": {
          "outputs": [
            {
              "name": "out",
              "path": "/nix/store/m0vmdxc92bwwk3426drr3c0q3pxn71yy-vendir-0.45.0",
              "default": true
            }
          ],
          "store_path": "/nix/store/m0vmdxc92bwwk3426drr3c0q3pxn71yy-vendir-0.45.0"
        },
        "x86_64-linux": {
          "outputs": [
            {
              "name": "out",
              "path": "/nix/store/znh44hivf88wqv5bhg7fx702gchaxvlm-vendir-0.45.0",
              "default": true
            }
          ],
          "store_path": "/nix/store/znh44hivf88wqv5bhg7fx702gchaxvlm-vendir-0.45.0"
        }
      }
    },
    "ytt@latest": {
      "last_modified": "2025-12-31T03:27:36Z",
      "resolved": "github:NixOS/nixpkgs/f665af0cdb70ed27e1bd8f9fdfecaf451260fc55#ytt",
      "source": "devbox-search",
      "version": "0.52.2",
      "systems": {
        "aarch64-darwin": {
          "outputs": [
            {
              "name": "out",
              "path": "/nix/store/6rkhlvvhz0bhh7rhyy8x40pnzc9aj6pd-ytt-0.52.2",
              "default": true
            }
          ],
          "store_path": "/nix/store/6rkhlvvhz0bhh7rhyy8x40pnzc9aj6pd-ytt-0.52.2"
        },
        "aarch64-linux": {
          "outputs": [
            {
              "name": "out",
              "path": "/nix/store/wc0zz93axwwlg08dwcfc7xznvq7pa6vj-ytt-0.52.2",
              "default": true
            }
          ],
          "store_path": "/nix/store/wc0zz93axwwlg08dwcfc7xznvq7pa6vj-ytt-0.52.2"
        },
        "x86_64-darwin": {
          "outputs": [
            {
              "name": "out",
              "path": "/nix/store/zpy8kngpm99fhiz7j60vdgdyl4dx4ay5-ytt-0.52.2",
              "default": true
            }
          ],
          "store_path": "/nix/store/zpy8kngpm99fhiz7j60vdgdyl4dx4ay5-ytt-0.52.2"
        },
        "x86_64-linux": {
          "outputs": [
            {
              "name": "out",
              "path": "/nix/store/nwqxirja1ryblczfnrdw5i0knbyvls5a-ytt-0.52.2",
              "default": true
            }
          ],
          "store_path": "/nix/store/nwqxirja1ryblczfnrdw5i0knbyvls5a-ytt-0.52.2"
        }
      }
    }
  }
}
